
Microsoft Visual Studio Solution File, Format Version 12.00
# Visual Studio Version 16
VisualStudioVersion = 16.0.31410.357
MinimumVisualStudioVersion = 10.0.40219.1
Project("{FAE04EC0-301F-11D3-BF4B-00C04F79EFBC}") = "SMS Api", "SMS Api.csproj", "{CC1722BE-BEBA-4C1E-A4BB-9150925561D4}"
EndProject
Global
	GlobalSection(SolutionConfigurationPlatforms) = preSolution
		Debug|Any CPU = Debug|Any CPU
		Release|Any CPU = Release|Any CPU
	EndGlobalSection
	GlobalSection(ProjectConfigurationPlatforms) = postSolution
		{CC1722BE-BEBA-4C1E-A4BB-9150925561D4}.Debug|Any CPU.ActiveCfg = Debug|Any CPU
		{CC1722BE-BEBA-4C1E-A4BB-9150925561D4}.Debug|Any CPU.Build.0 = Debug|Any CPU
		{CC1722BE-BEBA-4C1E-A4BB-9150925561D4}.Release|Any CPU.ActiveCfg = Release|Any CPU
		{CC1722BE-BEBA-4C1E-A4BB-9150925561D4}.Release|Any CPU.Build.0 = Release|Any CPU
	EndGlobalSection
	GlobalSection(SolutionProperties) = preSolution
		HideSolutionNode = FALSE
	EndGlobalSection
	GlobalSection(ExtensibilityGlobals) = postSolution
		SolutionGuid = {E3570F40-4995-4373-BDBD-06DE1C309F98}
	EndGlobalSection
EndGlobal
